
Microsoft Visual Studio Solution File, Format Version 12.00
# Visual Studio Version 16
VisualStudioVersion = 16.0.30330.147
MinimumVisualStudioVersion = 10.0.40219.1
Project("{9A19103F-16F7-4668-BE54-9A1E7A4F7556}") = "MainTestApp", "MainTestApp\MainTestApp.csproj", "{43973DA3-08C6-4786-A61F-444BFB8505FE}"
EndProject
Project("{9A19103F-16F7-4668-BE54-9A1E7A4F7556}") = "environmentCore", "..\..\Backend\Environment\environmentCore\environmentCore\environmentCore.csproj", "{ABD99CB8-D487-48C4-A76F-C4E7C2D71383}"
EndProject
Global
	GlobalSection(SolutionConfigurationPlatforms) = preSolution
		Debug|Any CPU = Debug|Any CPU
		Release|Any CPU = Release|Any CPU
	EndGlobalSection
	GlobalSection(ProjectConfigurationPlatforms) = postSolution
		{43973DA3-08C6-4786-A61F-444BFB8505FE}.Debug|Any CPU.ActiveCfg = Debug|Any CPU
		{43973DA3-08C6-4786-A61F-444BFB8505FE}.Debug|Any CPU.Build.0 = Debug|Any CPU
		{43973DA3-08C6-4786-A61F-444BFB8505FE}.Release|Any CPU.ActiveCfg = Release|Any CPU
		{43973DA3-08C6-4786-A61F-444BFB8505FE}.Release|Any CPU.Build.0 = Release|Any CPU
		{ABD99CB8-D487-48C4-A76F-C4E7C2D71383}.Debug|Any CPU.ActiveCfg = Debug|Any CPU
		{ABD99CB8-D487-48C4-A76F-C4E7C2D71383}.Debug|Any CPU.Build.0 = Debug|Any CPU
		{ABD99CB8-D487-48C4-A76F-C4E7C2D71383}.Release|Any CPU.ActiveCfg = Release|Any CPU
		{ABD99CB8-D487-48C4-A76F-C4E7C2D71383}.Release|Any CPU.Build.0 = Release|Any CPU
	EndGlobalSection
	GlobalSection(SolutionProperties) = preSolution
		HideSolutionNode = FALSE
	EndGlobalSection
	GlobalSection(ExtensibilityGlobals) = postSolution
		SolutionGuid = {C79C2821-0CEB-4BFF-82F4-47EA55058F16}
	EndGlobalSection
EndGlobal
