
Microsoft Visual Studio Solution File, Format Version 12.00
# Visual Studio Version 16
VisualStudioVersion = 16.0.30204.135
MinimumVisualStudioVersion = 10.0.40219.1
Project("{FAE04EC0-301F-11D3-BF4B-00C04F79EFBC}") = "AeonLabs .NET Platform", "AeonLabs .NET Platform\AeonLabs .NET Platform.csproj", "{706BE397-9C01-0F7A-0695-84D700CE4194}"
EndProject
Project("{2150E333-8FDC-42A3-9474-1A3956D46DE8}") = "AddOns", "AddOns", "{E9BD2438-7C4F-4C5F-A34C-7401B0D7B8AA}"
EndProject
Project("{2150E333-8FDC-42A3-9474-1A3956D46DE8}") = "Backend", "Backend", "{2968922B-9F2E-46FF-93B2-FC6B55B54FA8}"
EndProject
Project("{2150E333-8FDC-42A3-9474-1A3956D46DE8}") = "Connectivity", "Connectivity", "{2146FB2B-BFEC-451D-BF9E-57718F89690B}"
EndProject
Project("{2150E333-8FDC-42A3-9474-1A3956D46DE8}") = "Functionalities", "Functionalities", "{669E98E1-6C5D-4D7E-8145-F4014E665B25}"
EndProject
Project("{2150E333-8FDC-42A3-9474-1A3956D46DE8}") = "GUI", "GUI", "{ABC30087-B375-478C-AEAE-36BAD4D0B4C2}"
EndProject
Project("{2150E333-8FDC-42A3-9474-1A3956D46DE8}") = "Layouts", "Layouts", "{69AF7898-5F6A-454C-80BC-866035AC7452}"
EndProject
Project("{2150E333-8FDC-42A3-9474-1A3956D46DE8}") = "PlugIns", "PlugIns", "{B03FD493-3F09-4696-9966-EEC4420CA985}"
EndProject
Project("{2150E333-8FDC-42A3-9474-1A3956D46DE8}") = "Contactless SmartCards", "Contactless SmartCards", "{6D6A4B0A-6706-4A79-A831-40F7737B8094}"
EndProject
Project("{2150E333-8FDC-42A3-9474-1A3956D46DE8}") = "MainApp", "MainApp", "{84D7EE7D-3FCF-4590-BA8D-2BEB1E4A28D3}"
EndProject
Project("{2150E333-8FDC-42A3-9474-1A3956D46DE8}") = "SplashScreen", "SplashScreen", "{640DC87C-71F7-4C72-BEB9-8477E9024EC1}"
EndProject
Project("{2150E333-8FDC-42A3-9474-1A3956D46DE8}") = "Setup Wizards", "Setup Wizards", "{1CE30920-34F3-40DA-A0A1-E51A34C9C2FD}"
EndProject
Project("{2150E333-8FDC-42A3-9474-1A3956D46DE8}") = "Enviroment", "Enviroment", "{31AE0256-EEAA-4296-9BDE-C3B854518AA5}"
EndProject
Project("{2150E333-8FDC-42A3-9474-1A3956D46DE8}") = "PlugIns", "PlugIns", "{0B2014B9-3841-4344-BC56-9ECE8D24DBDC}"
EndProject
Project("{9A19103F-16F7-4668-BE54-9A1E7A4F7556}") = "MainTestApp", "..\AppsMain\MainTestApp\MainTestApp\MainTestApp.csproj", "{8BA7EE84-5722-491C-A95F-AADEF56F9D37}"
EndProject
Project("{9A19103F-16F7-4668-BE54-9A1E7A4F7556}") = "Setup Wizard", "..\widgets\Setup Wizard\Setup Wizard\Setup Wizard.csproj", "{6F1AFF31-339C-4DA8-A12E-4EA1F5529D7B}"
EndProject
Project("{9A19103F-16F7-4668-BE54-9A1E7A4F7556}") = "medieval", "..\Layouts\StartUp\medieval\medieval\medieval.csproj", "{CF0433E9-3E10-435C-A6CC-EC26FC7CA25B}"
EndProject
Project("{9A19103F-16F7-4668-BE54-9A1E7A4F7556}") = "LTBM", "..\Layouts\Main\LTBM\LTBM\LTBM.csproj", "{2572AFD3-A420-4C8B-B9FA-01731BFD63D6}"
EndProject
Project("{9A19103F-16F7-4668-BE54-9A1E7A4F7556}") = "AlphaGradientPanel", "..\GUI\AlphaGradientPanel\AlphaGradientPanel\AlphaGradientPanel.csproj", "{34149005-A6A1-4FA3-B6D5-2A4103E52BEE}"
EndProject
Project("{9A19103F-16F7-4668-BE54-9A1E7A4F7556}") = "CircularProgressBar", "..\GUI\CircularProgressBar\CircularProgressBar\CircularProgressBar.csproj", "{1478494F-9B86-4814-AB9C-C1288247B633}"
EndProject
Project("{9A19103F-16F7-4668-BE54-9A1E7A4F7556}") = "Custom Controls", "..\GUI\Custom Controls\Custom Controls\Custom Controls.csproj", "{349F7B6D-D758-4D3C-8183-09FB6731CDB5}"
EndProject
Project("{9A19103F-16F7-4668-BE54-9A1E7A4F7556}") = "MacTrackBar", "..\GUI\MacTrackBar\MacTrackBar\MacTrackBar.csproj", "{EBBEA484-DB14-4B78-ADCE-0926BBF05EC1}"
EndProject
Project("{9A19103F-16F7-4668-BE54-9A1E7A4F7556}") = "MessageBox", "..\GUI\MessageBox\MessageBox\MessageBox.csproj", "{49119DA6-C972-43DC-8164-D2DEC65A0826}"
EndProject
Project("{9A19103F-16F7-4668-BE54-9A1E7A4F7556}") = "loading", "..\Functionalities\loading\loading\loading.csproj", "{37CCC59A-C566-4747-8C13-C9B3A5145D75}"
EndProject
Project("{9A19103F-16F7-4668-BE54-9A1E7A4F7556}") = "Contactless SmartCards", "..\Connectivity\RFID NFC\Contactless SmartCards\Contactless SmartCards\Contactless SmartCards.csproj", "{0BFF7753-C929-4171-8C26-69AD3263B9C9}"
EndProject
Project("{9A19103F-16F7-4668-BE54-9A1E7A4F7556}") = "Contactless SmartCards GUI", "..\Connectivity\RFID NFC\Contactless SmartCards GUI\Contactless SmartCards GUI\Contactless SmartCards GUI.csproj", "{FFF8C24F-8EE7-426B-ACB7-16F2C178DE1D}"
EndProject
Project("{9A19103F-16F7-4668-BE54-9A1E7A4F7556}") = "Contactless SmartCards Interface", "..\Connectivity\RFID NFC\Contactless SmartCards Interface\Contactless SmartCards Interface\Contactless SmartCards Interface.csproj", "{D064453F-6D5F-496A-B1C7-28EAC88EEC46}"
EndProject
Project("{9A19103F-16F7-4668-BE54-9A1E7A4F7556}") = "Open Weather", "..\AddOns\Open Weather\Open Weather\Open Weather.csproj", "{5910D5F2-F641-472C-B2F3-C6DF8D3EF973}"
EndProject
Project("{9A19103F-16F7-4668-BE54-9A1E7A4F7556}") = "Google Translation", "..\AddOns\Google Translation\Google Translation\Google Translation.csproj", "{EEEAFBF1-D124-458A-BE8E-CB4219640C62}"
EndProject
Project("{9A19103F-16F7-4668-BE54-9A1E7A4F7556}") = "Basic Libraries", "..\Backend\Basic Libraries\Basic Libraries\Basic Libraries.csproj", "{A2366FB9-62FD-492D-B8B3-7B31F62DA245}"
EndProject
Project("{9A19103F-16F7-4668-BE54-9A1E7A4F7556}") = "Crash and Diagnostic Data", "..\Backend\Crash and Diagnostic Data\Crash and Diagnostic Data\Crash and Diagnostic Data.csproj", "{F78EFDCA-E4AA-48BE-B304-6422161BC28F}"
EndProject
Project("{9A19103F-16F7-4668-BE54-9A1E7A4F7556}") = "Export Data Libraries", "..\Backend\Export Data Libraries\Export Data Libraries\Export Data Libraries.csproj", "{344BE6DE-5EFE-4359-AA01-6B4572A6ED3F}"
EndProject
Project("{9A19103F-16F7-4668-BE54-9A1E7A4F7556}") = "Management Coding Tasks", "..\Backend\Management Coding Tasks\Management Coding Tasks\Management Coding Tasks.csproj", "{AD18819F-93F9-4DDE-B96F-1CC8F2B91AB8}"
EndProject
Project("{9A19103F-16F7-4668-BE54-9A1E7A4F7556}") = "Network", "..\Backend\Network\Network\Network.csproj", "{11748D1E-617C-40BA-BCE9-F2C7ADE86716}"
EndProject
Project("{9A19103F-16F7-4668-BE54-9A1E7A4F7556}") = "Security", "..\Backend\Security\Security\Security.csproj", "{A2F97FA3-3D44-4BD8-A9DC-1A0754E46F86}"
EndProject
Project("{9A19103F-16F7-4668-BE54-9A1E7A4F7556}") = "Startup", "..\Backend\Startup\Startup\Startup.csproj", "{C82E105A-4955-4CD9-ACCC-B5331B6378D0}"
EndProject
Project("{9A19103F-16F7-4668-BE54-9A1E7A4F7556}") = "Quote of The Day", "..\Backend\PlugIns\Quote of The Day\Quote of The Day\Quote of The Day.csproj", "{E45B783C-B9F7-43BE-8307-7D4756F2CAD1}"
EndProject
Project("{9A19103F-16F7-4668-BE54-9A1E7A4F7556}") = "EnvironmentAssembly", "..\Backend\Environment\EnvironmentAssembly\EnvironmentAssembly\EnvironmentAssembly.csproj", "{18AB61F8-FD4E-4C55-AD05-8AF66AF21224}"
EndProject
Project("{9A19103F-16F7-4668-BE54-9A1E7A4F7556}") = "environmentCore", "..\Backend\Environment\environmentCore\environmentCore\environmentCore.csproj", "{305EAEDD-1339-4188-BA1F-D66DC7425B54}"
EndProject
Project("{9A19103F-16F7-4668-BE54-9A1E7A4F7556}") = "EnvironmentCustom", "..\Backend\Environment\EnvironmentCustom\EnvironmentCustom\EnvironmentCustom.csproj", "{3E5ED2A1-A2EC-44D3-A13B-98A054DF740C}"
EndProject
Project("{9A19103F-16F7-4668-BE54-9A1E7A4F7556}") = "EnvironmentLoading", "..\Backend\Environment\EnvironmentLoading\EnvironmentLoading\EnvironmentLoading.csproj", "{3038FA54-85FE-4D6C-BEAA-8D3F932DCE61}"
EndProject
Project("{9A19103F-16F7-4668-BE54-9A1E7A4F7556}") = "Settings", "..\Backend\Environment\Settings\Settings\Settings.csproj", "{66A8B2B7-B0ED-439C-A245-AF90884C5BF6}"
EndProject
Global
	GlobalSection(SolutionConfigurationPlatforms) = preSolution
		Debug|Any CPU = Debug|Any CPU
		Debug|x64 = Debug|x64
		Debug|x86 = Debug|x86
		Release|Any CPU = Release|Any CPU
		Release|x64 = Release|x64
		Release|x86 = Release|x86
	EndGlobalSection
	GlobalSection(ProjectConfigurationPlatforms) = postSolution
		{706BE397-9C01-0F7A-0695-84D700CE4194}.Debug|Any CPU.ActiveCfg = Debug|Any CPU
		{706BE397-9C01-0F7A-0695-84D700CE4194}.Debug|Any CPU.Build.0 = Debug|Any CPU
		{706BE397-9C01-0F7A-0695-84D700CE4194}.Debug|x64.ActiveCfg = Debug|Any CPU
		{706BE397-9C01-0F7A-0695-84D700CE4194}.Debug|x64.Build.0 = Debug|Any CPU
		{706BE397-9C01-0F7A-0695-84D700CE4194}.Debug|x86.ActiveCfg = Debug|Any CPU
		{706BE397-9C01-0F7A-0695-84D700CE4194}.Debug|x86.Build.0 = Debug|Any CPU
		{706BE397-9C01-0F7A-0695-84D700CE4194}.Release|Any CPU.ActiveCfg = Release|Any CPU
		{706BE397-9C01-0F7A-0695-84D700CE4194}.Release|Any CPU.Build.0 = Release|Any CPU
		{706BE397-9C01-0F7A-0695-84D700CE4194}.Release|x64.ActiveCfg = Release|Any CPU
		{706BE397-9C01-0F7A-0695-84D700CE4194}.Release|x64.Build.0 = Release|Any CPU
		{706BE397-9C01-0F7A-0695-84D700CE4194}.Release|x86.ActiveCfg = Release|Any CPU
		{706BE397-9C01-0F7A-0695-84D700CE4194}.Release|x86.Build.0 = Release|Any CPU
		{8BA7EE84-5722-491C-A95F-AADEF56F9D37}.Debug|Any CPU.ActiveCfg = Debug|Any CPU
		{8BA7EE84-5722-491C-A95F-AADEF56F9D37}.Debug|Any CPU.Build.0 = Debug|Any CPU
		{8BA7EE84-5722-491C-A95F-AADEF56F9D37}.Debug|x64.ActiveCfg = Debug|Any CPU
		{8BA7EE84-5722-491C-A95F-AADEF56F9D37}.Debug|x64.Build.0 = Debug|Any CPU
		{8BA7EE84-5722-491C-A95F-AADEF56F9D37}.Debug|x86.ActiveCfg = Debug|Any CPU
		{8BA7EE84-5722-491C-A95F-AADEF56F9D37}.Debug|x86.Build.0 = Debug|Any CPU
		{8BA7EE84-5722-491C-A95F-AADEF56F9D37}.Release|Any CPU.ActiveCfg = Release|Any CPU
		{8BA7EE84-5722-491C-A95F-AADEF56F9D37}.Release|Any CPU.Build.0 = Release|Any CPU
		{8BA7EE84-5722-491C-A95F-AADEF56F9D37}.Release|x64.ActiveCfg = Release|Any CPU
		{8BA7EE84-5722-491C-A95F-AADEF56F9D37}.Release|x64.Build.0 = Release|Any CPU
		{8BA7EE84-5722-491C-A95F-AADEF56F9D37}.Release|x86.ActiveCfg = Release|Any CPU
		{8BA7EE84-5722-491C-A95F-AADEF56F9D37}.Release|x86.Build.0 = Release|Any CPU
		{6F1AFF31-339C-4DA8-A12E-4EA1F5529D7B}.Debug|Any CPU.ActiveCfg = Debug|Any CPU
		{6F1AFF31-339C-4DA8-A12E-4EA1F5529D7B}.Debug|Any CPU.Build.0 = Debug|Any CPU
		{6F1AFF31-339C-4DA8-A12E-4EA1F5529D7B}.Debug|x64.ActiveCfg = Debug|Any CPU
		{6F1AFF31-339C-4DA8-A12E-4EA1F5529D7B}.Debug|x64.Build.0 = Debug|Any CPU
		{6F1AFF31-339C-4DA8-A12E-4EA1F5529D7B}.Debug|x86.ActiveCfg = Debug|Any CPU
		{6F1AFF31-339C-4DA8-A12E-4EA1F5529D7B}.Debug|x86.Build.0 = Debug|Any CPU
		{6F1AFF31-339C-4DA8-A12E-4EA1F5529D7B}.Release|Any CPU.ActiveCfg = Release|Any CPU
		{6F1AFF31-339C-4DA8-A12E-4EA1F5529D7B}.Release|Any CPU.Build.0 = Release|Any CPU
		{6F1AFF31-339C-4DA8-A12E-4EA1F5529D7B}.Release|x64.ActiveCfg = Release|Any CPU
		{6F1AFF31-339C-4DA8-A12E-4EA1F5529D7B}.Release|x64.Build.0 = Release|Any CPU
		{6F1AFF31-339C-4DA8-A12E-4EA1F5529D7B}.Release|x86.ActiveCfg = Release|Any CPU
		{6F1AFF31-339C-4DA8-A12E-4EA1F5529D7B}.Release|x86.Build.0 = Release|Any CPU
		{CF0433E9-3E10-435C-A6CC-EC26FC7CA25B}.Debug|Any CPU.ActiveCfg = Debug|Any CPU
		{CF0433E9-3E10-435C-A6CC-EC26FC7CA25B}.Debug|Any CPU.Build.0 = Debug|Any CPU
		{CF0433E9-3E10-435C-A6CC-EC26FC7CA25B}.Debug|x64.ActiveCfg = Debug|Any CPU
		{CF0433E9-3E10-435C-A6CC-EC26FC7CA25B}.Debug|x64.Build.0 = Debug|Any CPU
		{CF0433E9-3E10-435C-A6CC-EC26FC7CA25B}.Debug|x86.ActiveCfg = Debug|Any CPU
		{CF0433E9-3E10-435C-A6CC-EC26FC7CA25B}.Debug|x86.Build.0 = Debug|Any CPU
		{CF0433E9-3E10-435C-A6CC-EC26FC7CA25B}.Release|Any CPU.ActiveCfg = Release|Any CPU
		{CF0433E9-3E10-435C-A6CC-EC26FC7CA25B}.Release|Any CPU.Build.0 = Release|Any CPU
		{CF0433E9-3E10-435C-A6CC-EC26FC7CA25B}.Release|x64.ActiveCfg = Release|Any CPU
		{CF0433E9-3E10-435C-A6CC-EC26FC7CA25B}.Release|x64.Build.0 = Release|Any CPU
		{CF0433E9-3E10-435C-A6CC-EC26FC7CA25B}.Release|x86.ActiveCfg = Release|Any CPU
		{CF0433E9-3E10-435C-A6CC-EC26FC7CA25B}.Release|x86.Build.0 = Release|Any CPU
		{2572AFD3-A420-4C8B-B9FA-01731BFD63D6}.Debug|Any CPU.ActiveCfg = Debug|Any CPU
		{2572AFD3-A420-4C8B-B9FA-01731BFD63D6}.Debug|Any CPU.Build.0 = Debug|Any CPU
		{2572AFD3-A420-4C8B-B9FA-01731BFD63D6}.Debug|x64.ActiveCfg = Debug|Any CPU
		{2572AFD3-A420-4C8B-B9FA-01731BFD63D6}.Debug|x64.Build.0 = Debug|Any CPU
		{2572AFD3-A420-4C8B-B9FA-01731BFD63D6}.Debug|x86.ActiveCfg = Debug|Any CPU
		{2572AFD3-A420-4C8B-B9FA-01731BFD63D6}.Debug|x86.Build.0 = Debug|Any CPU
		{2572AFD3-A420-4C8B-B9FA-01731BFD63D6}.Release|Any CPU.ActiveCfg = Release|Any CPU
		{2572AFD3-A420-4C8B-B9FA-01731BFD63D6}.Release|Any CPU.Build.0 = Release|Any CPU
		{2572AFD3-A420-4C8B-B9FA-01731BFD63D6}.Release|x64.ActiveCfg = Release|Any CPU
		{2572AFD3-A420-4C8B-B9FA-01731BFD63D6}.Release|x64.Build.0 = Release|Any CPU
		{2572AFD3-A420-4C8B-B9FA-01731BFD63D6}.Release|x86.ActiveCfg = Release|Any CPU
		{2572AFD3-A420-4C8B-B9FA-01731BFD63D6}.Release|x86.Build.0 = Release|Any CPU
		{34149005-A6A1-4FA3-B6D5-2A4103E52BEE}.Debug|Any CPU.ActiveCfg = Debug|Any CPU
		{34149005-A6A1-4FA3-B6D5-2A4103E52BEE}.Debug|Any CPU.Build.0 = Debug|Any CPU
		{34149005-A6A1-4FA3-B6D5-2A4103E52BEE}.Debug|x64.ActiveCfg = Debug|Any CPU
		{34149005-A6A1-4FA3-B6D5-2A4103E52BEE}.Debug|x64.Build.0 = Debug|Any CPU
		{34149005-A6A1-4FA3-B6D5-2A4103E52BEE}.Debug|x86.ActiveCfg = Debug|Any CPU
		{34149005-A6A1-4FA3-B6D5-2A4103E52BEE}.Debug|x86.Build.0 = Debug|Any CPU
		{34149005-A6A1-4FA3-B6D5-2A4103E52BEE}.Release|Any CPU.ActiveCfg = Release|Any CPU
		{34149005-A6A1-4FA3-B6D5-2A4103E52BEE}.Release|Any CPU.Build.0 = Release|Any CPU
		{34149005-A6A1-4FA3-B6D5-2A4103E52BEE}.Release|x64.ActiveCfg = Release|Any CPU
		{34149005-A6A1-4FA3-B6D5-2A4103E52BEE}.Release|x64.Build.0 = Release|Any CPU
		{34149005-A6A1-4FA3-B6D5-2A4103E52BEE}.Release|x86.ActiveCfg = Release|Any CPU
		{34149005-A6A1-4FA3-B6D5-2A4103E52BEE}.Release|x86.Build.0 = Release|Any CPU
		{1478494F-9B86-4814-AB9C-C1288247B633}.Debug|Any CPU.ActiveCfg = Debug|Any CPU
		{1478494F-9B86-4814-AB9C-C1288247B633}.Debug|Any CPU.Build.0 = Debug|Any CPU
		{1478494F-9B86-4814-AB9C-C1288247B633}.Debug|x64.ActiveCfg = Debug|Any CPU
		{1478494F-9B86-4814-AB9C-C1288247B633}.Debug|x64.Build.0 = Debug|Any CPU
		{1478494F-9B86-4814-AB9C-C1288247B633}.Debug|x86.ActiveCfg = Debug|Any CPU
		{1478494F-9B86-4814-AB9C-C1288247B633}.Debug|x86.Build.0 = Debug|Any CPU
		{1478494F-9B86-4814-AB9C-C1288247B633}.Release|Any CPU.ActiveCfg = Release|Any CPU
		{1478494F-9B86-4814-AB9C-C1288247B633}.Release|Any CPU.Build.0 = Release|Any CPU
		{1478494F-9B86-4814-AB9C-C1288247B633}.Release|x64.ActiveCfg = Release|Any CPU
		{1478494F-9B86-4814-AB9C-C1288247B633}.Release|x64.Build.0 = Release|Any CPU
		{1478494F-9B86-4814-AB9C-C1288247B633}.Release|x86.ActiveCfg = Release|Any CPU
		{1478494F-9B86-4814-AB9C-C1288247B633}.Release|x86.Build.0 = Release|Any CPU
		{349F7B6D-D758-4D3C-8183-09FB6731CDB5}.Debug|Any CPU.ActiveCfg = Debug|Any CPU
		{349F7B6D-D758-4D3C-8183-09FB6731CDB5}.Debug|Any CPU.Build.0 = Debug|Any CPU
		{349F7B6D-D758-4D3C-8183-09FB6731CDB5}.Debug|x64.ActiveCfg = Debug|Any CPU
		{349F7B6D-D758-4D3C-8183-09FB6731CDB5}.Debug|x64.Build.0 = Debug|Any CPU
		{349F7B6D-D758-4D3C-8183-09FB6731CDB5}.Debug|x86.ActiveCfg = Debug|Any CPU
		{349F7B6D-D758-4D3C-8183-09FB6731CDB5}.Debug|x86.Build.0 = Debug|Any CPU
		{349F7B6D-D758-4D3C-8183-09FB6731CDB5}.Release|Any CPU.ActiveCfg = Release|Any CPU
		{349F7B6D-D758-4D3C-8183-09FB6731CDB5}.Release|Any CPU.Build.0 = Release|Any CPU
		{349F7B6D-D758-4D3C-8183-09FB6731CDB5}.Release|x64.ActiveCfg = Release|Any CPU
		{349F7B6D-D758-4D3C-8183-09FB6731CDB5}.Release|x64.Build.0 = Release|Any CPU
		{349F7B6D-D758-4D3C-8183-09FB6731CDB5}.Release|x86.ActiveCfg = Release|Any CPU
		{349F7B6D-D758-4D3C-8183-09FB6731CDB5}.Release|x86.Build.0 = Release|Any CPU
		{EBBEA484-DB14-4B78-ADCE-0926BBF05EC1}.Debug|Any CPU.ActiveCfg = Debug|Any CPU
		{EBBEA484-DB14-4B78-ADCE-0926BBF05EC1}.Debug|Any CPU.Build.0 = Debug|Any CPU
		{EBBEA484-DB14-4B78-ADCE-0926BBF05EC1}.Debug|x64.ActiveCfg = Debug|Any CPU
		{EBBEA484-DB14-4B78-ADCE-0926BBF05EC1}.Debug|x64.Build.0 = Debug|Any CPU
		{EBBEA484-DB14-4B78-ADCE-0926BBF05EC1}.Debug|x86.ActiveCfg = Debug|Any CPU
		{EBBEA484-DB14-4B78-ADCE-0926BBF05EC1}.Debug|x86.Build.0 = Debug|Any CPU
		{EBBEA484-DB14-4B78-ADCE-0926BBF05EC1}.Release|Any CPU.ActiveCfg = Release|Any CPU
		{EBBEA484-DB14-4B78-ADCE-0926BBF05EC1}.Release|Any CPU.Build.0 = Release|Any CPU
		{EBBEA484-DB14-4B78-ADCE-0926BBF05EC1}.Release|x64.ActiveCfg = Release|Any CPU
		{EBBEA484-DB14-4B78-ADCE-0926BBF05EC1}.Release|x64.Build.0 = Release|Any CPU
		{EBBEA484-DB14-4B78-ADCE-0926BBF05EC1}.Release|x86.ActiveCfg = Release|Any CPU
		{EBBEA484-DB14-4B78-ADCE-0926BBF05EC1}.Release|x86.Build.0 = Release|Any CPU
		{49119DA6-C972-43DC-8164-D2DEC65A0826}.Debug|Any CPU.ActiveCfg = Debug|Any CPU
		{49119DA6-C972-43DC-8164-D2DEC65A0826}.Debug|Any CPU.Build.0 = Debug|Any CPU
		{49119DA6-C972-43DC-8164-D2DEC65A0826}.Debug|x64.ActiveCfg = Debug|Any CPU
		{49119DA6-C972-43DC-8164-D2DEC65A0826}.Debug|x64.Build.0 = Debug|Any CPU
		{49119DA6-C972-43DC-8164-D2DEC65A0826}.Debug|x86.ActiveCfg = Debug|Any CPU
		{49119DA6-C972-43DC-8164-D2DEC65A0826}.Debug|x86.Build.0 = Debug|Any CPU
		{49119DA6-C972-43DC-8164-D2DEC65A0826}.Release|Any CPU.ActiveCfg = Release|Any CPU
		{49119DA6-C972-43DC-8164-D2DEC65A0826}.Release|Any CPU.Build.0 = Release|Any CPU
		{49119DA6-C972-43DC-8164-D2DEC65A0826}.Release|x64.ActiveCfg = Release|Any CPU
		{49119DA6-C972-43DC-8164-D2DEC65A0826}.Release|x64.Build.0 = Release|Any CPU
		{49119DA6-C972-43DC-8164-D2DEC65A0826}.Release|x86.ActiveCfg = Release|Any CPU
		{49119DA6-C972-43DC-8164-D2DEC65A0826}.Release|x86.Build.0 = Release|Any CPU
		{37CCC59A-C566-4747-8C13-C9B3A5145D75}.Debug|Any CPU.ActiveCfg = Debug|Any CPU
		{37CCC59A-C566-4747-8C13-C9B3A5145D75}.Debug|Any CPU.Build.0 = Debug|Any CPU
		{37CCC59A-C566-4747-8C13-C9B3A5145D75}.Debug|x64.ActiveCfg = Debug|Any CPU
		{37CCC59A-C566-4747-8C13-C9B3A5145D75}.Debug|x64.Build.0 = Debug|Any CPU
		{37CCC59A-C566-4747-8C13-C9B3A5145D75}.Debug|x86.ActiveCfg = Debug|Any CPU
		{37CCC59A-C566-4747-8C13-C9B3A5145D75}.Debug|x86.Build.0 = Debug|Any CPU
		{37CCC59A-C566-4747-8C13-C9B3A5145D75}.Release|Any CPU.ActiveCfg = Release|Any CPU
		{37CCC59A-C566-4747-8C13-C9B3A5145D75}.Release|Any CPU.Build.0 = Release|Any CPU
		{37CCC59A-C566-4747-8C13-C9B3A5145D75}.Release|x64.ActiveCfg = Release|Any CPU
		{37CCC59A-C566-4747-8C13-C9B3A5145D75}.Release|x64.Build.0 = Release|Any CPU
		{37CCC59A-C566-4747-8C13-C9B3A5145D75}.Release|x86.ActiveCfg = Release|Any CPU
		{37CCC59A-C566-4747-8C13-C9B3A5145D75}.Release|x86.Build.0 = Release|Any CPU
		{0BFF7753-C929-4171-8C26-69AD3263B9C9}.Debug|Any CPU.ActiveCfg = Debug|Any CPU
		{0BFF7753-C929-4171-8C26-69AD3263B9C9}.Debug|Any CPU.Build.0 = Debug|Any CPU
		{0BFF7753-C929-4171-8C26-69AD3263B9C9}.Debug|x64.ActiveCfg = Debug|Any CPU
		{0BFF7753-C929-4171-8C26-69AD3263B9C9}.Debug|x64.Build.0 = Debug|Any CPU
		{0BFF7753-C929-4171-8C26-69AD3263B9C9}.Debug|x86.ActiveCfg = Debug|Any CPU
		{0BFF7753-C929-4171-8C26-69AD3263B9C9}.Debug|x86.Build.0 = Debug|Any CPU
		{0BFF7753-C929-4171-8C26-69AD3263B9C9}.Release|Any CPU.ActiveCfg = Release|Any CPU
		{0BFF7753-C929-4171-8C26-69AD3263B9C9}.Release|Any CPU.Build.0 = Release|Any CPU
		{0BFF7753-C929-4171-8C26-69AD3263B9C9}.Release|x64.ActiveCfg = Release|Any CPU
		{0BFF7753-C929-4171-8C26-69AD3263B9C9}.Release|x64.Build.0 = Release|Any CPU
		{0BFF7753-C929-4171-8C26-69AD3263B9C9}.Release|x86.ActiveCfg = Release|Any CPU
		{0BFF7753-C929-4171-8C26-69AD3263B9C9}.Release|x86.Build.0 = Release|Any CPU
		{FFF8C24F-8EE7-426B-ACB7-16F2C178DE1D}.Debug|Any CPU.ActiveCfg = Debug|Any CPU
		{FFF8C24F-8EE7-426B-ACB7-16F2C178DE1D}.Debug|Any CPU.Build.0 = Debug|Any CPU
		{FFF8C24F-8EE7-426B-ACB7-16F2C178DE1D}.Debug|x64.ActiveCfg = Debug|Any CPU
		{FFF8C24F-8EE7-426B-ACB7-16F2C178DE1D}.Debug|x64.Build.0 = Debug|Any CPU
		{FFF8C24F-8EE7-426B-ACB7-16F2C178DE1D}.Debug|x86.ActiveCfg = Debug|Any CPU
		{FFF8C24F-8EE7-426B-ACB7-16F2C178DE1D}.Debug|x86.Build.0 = Debug|Any CPU
		{FFF8C24F-8EE7-426B-ACB7-16F2C178DE1D}.Release|Any CPU.ActiveCfg = Release|Any CPU
		{FFF8C24F-8EE7-426B-ACB7-16F2C178DE1D}.Release|Any CPU.Build.0 = Release|Any CPU
		{FFF8C24F-8EE7-426B-ACB7-16F2C178DE1D}.Release|x64.ActiveCfg = Release|Any CPU
		{FFF8C24F-8EE7-426B-ACB7-16F2C178DE1D}.Release|x64.Build.0 = Release|Any CPU
		{FFF8C24F-8EE7-426B-ACB7-16F2C178DE1D}.Release|x86.ActiveCfg = Release|Any CPU
		{FFF8C24F-8EE7-426B-ACB7-16F2C178DE1D}.Release|x86.Build.0 = Release|Any CPU
		{D064453F-6D5F-496A-B1C7-28EAC88EEC46}.Debug|Any CPU.ActiveCfg = Debug|Any CPU
		{D064453F-6D5F-496A-B1C7-28EAC88EEC46}.Debug|Any CPU.Build.0 = Debug|Any CPU
		{D064453F-6D5F-496A-B1C7-28EAC88EEC46}.Debug|x64.ActiveCfg = Debug|Any CPU
		{D064453F-6D5F-496A-B1C7-28EAC88EEC46}.Debug|x64.Build.0 = Debug|Any CPU
		{D064453F-6D5F-496A-B1C7-28EAC88EEC46}.Debug|x86.ActiveCfg = Debug|Any CPU
		{D064453F-6D5F-496A-B1C7-28EAC88EEC46}.Debug|x86.Build.0 = Debug|Any CPU
		{D064453F-6D5F-496A-B1C7-28EAC88EEC46}.Release|Any CPU.ActiveCfg = Release|Any CPU
		{D064453F-6D5F-496A-B1C7-28EAC88EEC46}.Release|Any CPU.Build.0 = Release|Any CPU
		{D064453F-6D5F-496A-B1C7-28EAC88EEC46}.Release|x64.ActiveCfg = Release|Any CPU
		{D064453F-6D5F-496A-B1C7-28EAC88EEC46}.Release|x64.Build.0 = Release|Any CPU
		{D064453F-6D5F-496A-B1C7-28EAC88EEC46}.Release|x86.ActiveCfg = Release|Any CPU
		{D064453F-6D5F-496A-B1C7-28EAC88EEC46}.Release|x86.Build.0 = Release|Any CPU
		{5910D5F2-F641-472C-B2F3-C6DF8D3EF973}.Debug|Any CPU.ActiveCfg = Debug|Any CPU
		{5910D5F2-F641-472C-B2F3-C6DF8D3EF973}.Debug|Any CPU.Build.0 = Debug|Any CPU
		{5910D5F2-F641-472C-B2F3-C6DF8D3EF973}.Debug|x64.ActiveCfg = Debug|Any CPU
		{5910D5F2-F641-472C-B2F3-C6DF8D3EF973}.Debug|x64.Build.0 = Debug|Any CPU
		{5910D5F2-F641-472C-B2F3-C6DF8D3EF973}.Debug|x86.ActiveCfg = Debug|Any CPU
		{5910D5F2-F641-472C-B2F3-C6DF8D3EF973}.Debug|x86.Build.0 = Debug|Any CPU
		{5910D5F2-F641-472C-B2F3-C6DF8D3EF973}.Release|Any CPU.ActiveCfg = Release|Any CPU
		{5910D5F2-F641-472C-B2F3-C6DF8D3EF973}.Release|Any CPU.Build.0 = Release|Any CPU
		{5910D5F2-F641-472C-B2F3-C6DF8D3EF973}.Release|x64.ActiveCfg = Release|Any CPU
		{5910D5F2-F641-472C-B2F3-C6DF8D3EF973}.Release|x64.Build.0 = Release|Any CPU
		{5910D5F2-F641-472C-B2F3-C6DF8D3EF973}.Release|x86.ActiveCfg = Release|Any CPU
		{5910D5F2-F641-472C-B2F3-C6DF8D3EF973}.Release|x86.Build.0 = Release|Any CPU
		{EEEAFBF1-D124-458A-BE8E-CB4219640C62}.Debug|Any CPU.ActiveCfg = Debug|Any CPU
		{EEEAFBF1-D124-458A-BE8E-CB4219640C62}.Debug|Any CPU.Build.0 = Debug|Any CPU
		{EEEAFBF1-D124-458A-BE8E-CB4219640C62}.Debug|x64.ActiveCfg = Debug|Any CPU
		{EEEAFBF1-D124-458A-BE8E-CB4219640C62}.Debug|x64.Build.0 = Debug|Any CPU
		{EEEAFBF1-D124-458A-BE8E-CB4219640C62}.Debug|x86.ActiveCfg = Debug|Any CPU
		{EEEAFBF1-D124-458A-BE8E-CB4219640C62}.Debug|x86.Build.0 = Debug|Any CPU
		{EEEAFBF1-D124-458A-BE8E-CB4219640C62}.Release|Any CPU.ActiveCfg = Release|Any CPU
		{EEEAFBF1-D124-458A-BE8E-CB4219640C62}.Release|Any CPU.Build.0 = Release|Any CPU
		{EEEAFBF1-D124-458A-BE8E-CB4219640C62}.Release|x64.ActiveCfg = Release|Any CPU
		{EEEAFBF1-D124-458A-BE8E-CB4219640C62}.Release|x64.Build.0 = Release|Any CPU
		{EEEAFBF1-D124-458A-BE8E-CB4219640C62}.Release|x86.ActiveCfg = Release|Any CPU
		{EEEAFBF1-D124-458A-BE8E-CB4219640C62}.Release|x86.Build.0 = Release|Any CPU
		{A2366FB9-62FD-492D-B8B3-7B31F62DA245}.Debug|Any CPU.ActiveCfg = Debug|Any CPU
		{A2366FB9-62FD-492D-B8B3-7B31F62DA245}.Debug|Any CPU.Build.0 = Debug|Any CPU
		{A2366FB9-62FD-492D-B8B3-7B31F62DA245}.Debug|x64.ActiveCfg = Debug|Any CPU
		{A2366FB9-62FD-492D-B8B3-7B31F62DA245}.Debug|x64.Build.0 = Debug|Any CPU
		{A2366FB9-62FD-492D-B8B3-7B31F62DA245}.Debug|x86.ActiveCfg = Debug|Any CPU
		{A2366FB9-62FD-492D-B8B3-7B31F62DA245}.Debug|x86.Build.0 = Debug|Any CPU
		{A2366FB9-62FD-492D-B8B3-7B31F62DA245}.Release|Any CPU.ActiveCfg = Release|Any CPU
		{A2366FB9-62FD-492D-B8B3-7B31F62DA245}.Release|Any CPU.Build.0 = Release|Any CPU
		{A2366FB9-62FD-492D-B8B3-7B31F62DA245}.Release|x64.ActiveCfg = Release|Any CPU
		{A2366FB9-62FD-492D-B8B3-7B31F62DA245}.Release|x64.Build.0 = Release|Any CPU
		{A2366FB9-62FD-492D-B8B3-7B31F62DA245}.Release|x86.ActiveCfg = Release|Any CPU
		{A2366FB9-62FD-492D-B8B3-7B31F62DA245}.Release|x86.Build.0 = Release|Any CPU
		{F78EFDCA-E4AA-48BE-B304-6422161BC28F}.Debug|Any CPU.ActiveCfg = Debug|Any CPU
		{F78EFDCA-E4AA-48BE-B304-6422161BC28F}.Debug|Any CPU.Build.0 = Debug|Any CPU
		{F78EFDCA-E4AA-48BE-B304-6422161BC28F}.Debug|x64.ActiveCfg = Debug|Any CPU
		{F78EFDCA-E4AA-48BE-B304-6422161BC28F}.Debug|x64.Build.0 = Debug|Any CPU
		{F78EFDCA-E4AA-48BE-B304-6422161BC28F}.Debug|x86.ActiveCfg = Debug|Any CPU
		{F78EFDCA-E4AA-48BE-B304-6422161BC28F}.Debug|x86.Build.0 = Debug|Any CPU
		{F78EFDCA-E4AA-48BE-B304-6422161BC28F}.Release|Any CPU.ActiveCfg = Release|Any CPU
		{F78EFDCA-E4AA-48BE-B304-6422161BC28F}.Release|Any CPU.Build.0 = Release|Any CPU
		{F78EFDCA-E4AA-48BE-B304-6422161BC28F}.Release|x64.ActiveCfg = Release|Any CPU
		{F78EFDCA-E4AA-48BE-B304-6422161BC28F}.Release|x64.Build.0 = Release|Any CPU
		{F78EFDCA-E4AA-48BE-B304-6422161BC28F}.Release|x86.ActiveCfg = Release|Any CPU
		{F78EFDCA-E4AA-48BE-B304-6422161BC28F}.Release|x86.Build.0 = Release|Any CPU
		{344BE6DE-5EFE-4359-AA01-6B4572A6ED3F}.Debug|Any CPU.ActiveCfg = Debug|Any CPU
		{344BE6DE-5EFE-4359-AA01-6B4572A6ED3F}.Debug|Any CPU.Build.0 = Debug|Any CPU
		{344BE6DE-5EFE-4359-AA01-6B4572A6ED3F}.Debug|x64.ActiveCfg = Debug|Any CPU
		{344BE6DE-5EFE-4359-AA01-6B4572A6ED3F}.Debug|x64.Build.0 = Debug|Any CPU
		{344BE6DE-5EFE-4359-AA01-6B4572A6ED3F}.Debug|x86.ActiveCfg = Debug|Any CPU
		{344BE6DE-5EFE-4359-AA01-6B4572A6ED3F}.Debug|x86.Build.0 = Debug|Any CPU
		{344BE6DE-5EFE-4359-AA01-6B4572A6ED3F}.Release|Any CPU.ActiveCfg = Release|Any CPU
		{344BE6DE-5EFE-4359-AA01-6B4572A6ED3F}.Release|Any CPU.Build.0 = Release|Any CPU
		{344BE6DE-5EFE-4359-AA01-6B4572A6ED3F}.Release|x64.ActiveCfg = Release|Any CPU
		{344BE6DE-5EFE-4359-AA01-6B4572A6ED3F}.Release|x64.Build.0 = Release|Any CPU
		{344BE6DE-5EFE-4359-AA01-6B4572A6ED3F}.Release|x86.ActiveCfg = Release|Any CPU
		{344BE6DE-5EFE-4359-AA01-6B4572A6ED3F}.Release|x86.Build.0 = Release|Any CPU
		{AD18819F-93F9-4DDE-B96F-1CC8F2B91AB8}.Debug|Any CPU.ActiveCfg = Debug|Any CPU
		{AD18819F-93F9-4DDE-B96F-1CC8F2B91AB8}.Debug|Any CPU.Build.0 = Debug|Any CPU
		{AD18819F-93F9-4DDE-B96F-1CC8F2B91AB8}.Debug|x64.ActiveCfg = Debug|Any CPU
		{AD18819F-93F9-4DDE-B96F-1CC8F2B91AB8}.Debug|x64.Build.0 = Debug|Any CPU
		{AD18819F-93F9-4DDE-B96F-1CC8F2B91AB8}.Debug|x86.ActiveCfg = Debug|Any CPU
		{AD18819F-93F9-4DDE-B96F-1CC8F2B91AB8}.Debug|x86.Build.0 = Debug|Any CPU
		{AD18819F-93F9-4DDE-B96F-1CC8F2B91AB8}.Release|Any CPU.ActiveCfg = Release|Any CPU
		{AD18819F-93F9-4DDE-B96F-1CC8F2B91AB8}.Release|Any CPU.Build.0 = Release|Any CPU
		{AD18819F-93F9-4DDE-B96F-1CC8F2B91AB8}.Release|x64.ActiveCfg = Release|Any CPU
		{AD18819F-93F9-4DDE-B96F-1CC8F2B91AB8}.Release|x64.Build.0 = Release|Any CPU
		{AD18819F-93F9-4DDE-B96F-1CC8F2B91AB8}.Release|x86.ActiveCfg = Release|Any CPU
		{AD18819F-93F9-4DDE-B96F-1CC8F2B91AB8}.Release|x86.Build.0 = Release|Any CPU
		{11748D1E-617C-40BA-BCE9-F2C7ADE86716}.Debug|Any CPU.ActiveCfg = Debug|Any CPU
		{11748D1E-617C-40BA-BCE9-F2C7ADE86716}.Debug|Any CPU.Build.0 = Debug|Any CPU
		{11748D1E-617C-40BA-BCE9-F2C7ADE86716}.Debug|x64.ActiveCfg = Debug|Any CPU
		{11748D1E-617C-40BA-BCE9-F2C7ADE86716}.Debug|x64.Build.0 = Debug|Any CPU
		{11748D1E-617C-40BA-BCE9-F2C7ADE86716}.Debug|x86.ActiveCfg = Debug|Any CPU
		{11748D1E-617C-40BA-BCE9-F2C7ADE86716}.Debug|x86.Build.0 = Debug|Any CPU
		{11748D1E-617C-40BA-BCE9-F2C7ADE86716}.Release|Any CPU.ActiveCfg = Release|Any CPU
		{11748D1E-617C-40BA-BCE9-F2C7ADE86716}.Release|Any CPU.Build.0 = Release|Any CPU
		{11748D1E-617C-40BA-BCE9-F2C7ADE86716}.Release|x64.ActiveCfg = Release|Any CPU
		{11748D1E-617C-40BA-BCE9-F2C7ADE86716}.Release|x64.Build.0 = Release|Any CPU
		{11748D1E-617C-40BA-BCE9-F2C7ADE86716}.Release|x86.ActiveCfg = Release|Any CPU
		{11748D1E-617C-40BA-BCE9-F2C7ADE86716}.Release|x86.Build.0 = Release|Any CPU
		{A2F97FA3-3D44-4BD8-A9DC-1A0754E46F86}.Debug|Any CPU.ActiveCfg = Debug|Any CPU
		{A2F97FA3-3D44-4BD8-A9DC-1A0754E46F86}.Debug|Any CPU.Build.0 = Debug|Any CPU
		{A2F97FA3-3D44-4BD8-A9DC-1A0754E46F86}.Debug|x64.ActiveCfg = Debug|Any CPU
		{A2F97FA3-3D44-4BD8-A9DC-1A0754E46F86}.Debug|x64.Build.0 = Debug|Any CPU
		{A2F97FA3-3D44-4BD8-A9DC-1A0754E46F86}.Debug|x86.ActiveCfg = Debug|Any CPU
		{A2F97FA3-3D44-4BD8-A9DC-1A0754E46F86}.Debug|x86.Build.0 = Debug|Any CPU
		{A2F97FA3-3D44-4BD8-A9DC-1A0754E46F86}.Release|Any CPU.ActiveCfg = Release|Any CPU
		{A2F97FA3-3D44-4BD8-A9DC-1A0754E46F86}.Release|Any CPU.Build.0 = Release|Any CPU
		{A2F97FA3-3D44-4BD8-A9DC-1A0754E46F86}.Release|x64.ActiveCfg = Release|Any CPU
		{A2F97FA3-3D44-4BD8-A9DC-1A0754E46F86}.Release|x64.Build.0 = Release|Any CPU
		{A2F97FA3-3D44-4BD8-A9DC-1A0754E46F86}.Release|x86.ActiveCfg = Release|Any CPU
		{A2F97FA3-3D44-4BD8-A9DC-1A0754E46F86}.Release|x86.Build.0 = Release|Any CPU
		{C82E105A-4955-4CD9-ACCC-B5331B6378D0}.Debug|Any CPU.ActiveCfg = Debug|Any CPU
		{C82E105A-4955-4CD9-ACCC-B5331B6378D0}.Debug|Any CPU.Build.0 = Debug|Any CPU
		{C82E105A-4955-4CD9-ACCC-B5331B6378D0}.Debug|x64.ActiveCfg = Debug|Any CPU
		{C82E105A-4955-4CD9-ACCC-B5331B6378D0}.Debug|x64.Build.0 = Debug|Any CPU
		{C82E105A-4955-4CD9-ACCC-B5331B6378D0}.Debug|x86.ActiveCfg = Debug|Any CPU
		{C82E105A-4955-4CD9-ACCC-B5331B6378D0}.Debug|x86.Build.0 = Debug|Any CPU
		{C82E105A-4955-4CD9-ACCC-B5331B6378D0}.Release|Any CPU.ActiveCfg = Release|Any CPU
		{C82E105A-4955-4CD9-ACCC-B5331B6378D0}.Release|Any CPU.Build.0 = Release|Any CPU
		{C82E105A-4955-4CD9-ACCC-B5331B6378D0}.Release|x64.ActiveCfg = Release|Any CPU
		{C82E105A-4955-4CD9-ACCC-B5331B6378D0}.Release|x64.Build.0 = Release|Any CPU
		{C82E105A-4955-4CD9-ACCC-B5331B6378D0}.Release|x86.ActiveCfg = Release|Any CPU
		{C82E105A-4955-4CD9-ACCC-B5331B6378D0}.Release|x86.Build.0 = Release|Any CPU
		{E45B783C-B9F7-43BE-8307-7D4756F2CAD1}.Debug|Any CPU.ActiveCfg = Debug|Any CPU
		{E45B783C-B9F7-43BE-8307-7D4756F2CAD1}.Debug|Any CPU.Build.0 = Debug|Any CPU
		{E45B783C-B9F7-43BE-8307-7D4756F2CAD1}.Debug|x64.ActiveCfg = Debug|Any CPU
		{E45B783C-B9F7-43BE-8307-7D4756F2CAD1}.Debug|x64.Build.0 = Debug|Any CPU
		{E45B783C-B9F7-43BE-8307-7D4756F2CAD1}.Debug|x86.ActiveCfg = Debug|Any CPU
		{E45B783C-B9F7-43BE-8307-7D4756F2CAD1}.Debug|x86.Build.0 = Debug|Any CPU
		{E45B783C-B9F7-43BE-8307-7D4756F2CAD1}.Release|Any CPU.ActiveCfg = Release|Any CPU
		{E45B783C-B9F7-43BE-8307-7D4756F2CAD1}.Release|Any CPU.Build.0 = Release|Any CPU
		{E45B783C-B9F7-43BE-8307-7D4756F2CAD1}.Release|x64.ActiveCfg = Release|Any CPU
		{E45B783C-B9F7-43BE-8307-7D4756F2CAD1}.Release|x64.Build.0 = Release|Any CPU
		{E45B783C-B9F7-43BE-8307-7D4756F2CAD1}.Release|x86.ActiveCfg = Release|Any CPU
		{E45B783C-B9F7-43BE-8307-7D4756F2CAD1}.Release|x86.Build.0 = Release|Any CPU
		{18AB61F8-FD4E-4C55-AD05-8AF66AF21224}.Debug|Any CPU.ActiveCfg = Debug|Any CPU
		{18AB61F8-FD4E-4C55-AD05-8AF66AF21224}.Debug|Any CPU.Build.0 = Debug|Any CPU
		{18AB61F8-FD4E-4C55-AD05-8AF66AF21224}.Debug|x64.ActiveCfg = Debug|Any CPU
		{18AB61F8-FD4E-4C55-AD05-8AF66AF21224}.Debug|x64.Build.0 = Debug|Any CPU
		{18AB61F8-FD4E-4C55-AD05-8AF66AF21224}.Debug|x86.ActiveCfg = Debug|Any CPU
		{18AB61F8-FD4E-4C55-AD05-8AF66AF21224}.Debug|x86.Build.0 = Debug|Any CPU
		{18AB61F8-FD4E-4C55-AD05-8AF66AF21224}.Release|Any CPU.ActiveCfg = Release|Any CPU
		{18AB61F8-FD4E-4C55-AD05-8AF66AF21224}.Release|Any CPU.Build.0 = Release|Any CPU
		{18AB61F8-FD4E-4C55-AD05-8AF66AF21224}.Release|x64.ActiveCfg = Release|Any CPU
		{18AB61F8-FD4E-4C55-AD05-8AF66AF21224}.Release|x64.Build.0 = Release|Any CPU
		{18AB61F8-FD4E-4C55-AD05-8AF66AF21224}.Release|x86.ActiveCfg = Release|Any CPU
		{18AB61F8-FD4E-4C55-AD05-8AF66AF21224}.Release|x86.Build.0 = Release|Any CPU
		{305EAEDD-1339-4188-BA1F-D66DC7425B54}.Debug|Any CPU.ActiveCfg = Debug|Any CPU
		{305EAEDD-1339-4188-BA1F-D66DC7425B54}.Debug|Any CPU.Build.0 = Debug|Any CPU
		{305EAEDD-1339-4188-BA1F-D66DC7425B54}.Debug|x64.ActiveCfg = Debug|Any CPU
		{305EAEDD-1339-4188-BA1F-D66DC7425B54}.Debug|x64.Build.0 = Debug|Any CPU
		{305EAEDD-1339-4188-BA1F-D66DC7425B54}.Debug|x86.ActiveCfg = Debug|Any CPU
		{305EAEDD-1339-4188-BA1F-D66DC7425B54}.Debug|x86.Build.0 = Debug|Any CPU
		{305EAEDD-1339-4188-BA1F-D66DC7425B54}.Release|Any CPU.ActiveCfg = Release|Any CPU
		{305EAEDD-1339-4188-BA1F-D66DC7425B54}.Release|Any CPU.Build.0 = Release|Any CPU
		{305EAEDD-1339-4188-BA1F-D66DC7425B54}.Release|x64.ActiveCfg = Release|Any CPU
		{305EAEDD-1339-4188-BA1F-D66DC7425B54}.Release|x64.Build.0 = Release|Any CPU
		{305EAEDD-1339-4188-BA1F-D66DC7425B54}.Release|x86.ActiveCfg = Release|Any CPU
		{305EAEDD-1339-4188-BA1F-D66DC7425B54}.Release|x86.Build.0 = Release|Any CPU
		{3E5ED2A1-A2EC-44D3-A13B-98A054DF740C}.Debug|Any CPU.ActiveCfg = Debug|Any CPU
		{3E5ED2A1-A2EC-44D3-A13B-98A054DF740C}.Debug|Any CPU.Build.0 = Debug|Any CPU
		{3E5ED2A1-A2EC-44D3-A13B-98A054DF740C}.Debug|x64.ActiveCfg = Debug|Any CPU
		{3E5ED2A1-A2EC-44D3-A13B-98A054DF740C}.Debug|x64.Build.0 = Debug|Any CPU
		{3E5ED2A1-A2EC-44D3-A13B-98A054DF740C}.Debug|x86.ActiveCfg = Debug|Any CPU
		{3E5ED2A1-A2EC-44D3-A13B-98A054DF740C}.Debug|x86.Build.0 = Debug|Any CPU
		{3E5ED2A1-A2EC-44D3-A13B-98A054DF740C}.Release|Any CPU.ActiveCfg = Release|Any CPU
		{3E5ED2A1-A2EC-44D3-A13B-98A054DF740C}.Release|Any CPU.Build.0 = Release|Any CPU
		{3E5ED2A1-A2EC-44D3-A13B-98A054DF740C}.Release|x64.ActiveCfg = Release|Any CPU
		{3E5ED2A1-A2EC-44D3-A13B-98A054DF740C}.Release|x64.Build.0 = Release|Any CPU
		{3E5ED2A1-A2EC-44D3-A13B-98A054DF740C}.Release|x86.ActiveCfg = Release|Any CPU
		{3E5ED2A1-A2EC-44D3-A13B-98A054DF740C}.Release|x86.Build.0 = Release|Any CPU
		{3038FA54-85FE-4D6C-BEAA-8D3F932DCE61}.Debug|Any CPU.ActiveCfg = Debug|Any CPU
		{3038FA54-85FE-4D6C-BEAA-8D3F932DCE61}.Debug|Any CPU.Build.0 = Debug|Any CPU
		{3038FA54-85FE-4D6C-BEAA-8D3F932DCE61}.Debug|x64.ActiveCfg = Debug|Any CPU
		{3038FA54-85FE-4D6C-BEAA-8D3F932DCE61}.Debug|x64.Build.0 = Debug|Any CPU
		{3038FA54-85FE-4D6C-BEAA-8D3F932DCE61}.Debug|x86.ActiveCfg = Debug|Any CPU
		{3038FA54-85FE-4D6C-BEAA-8D3F932DCE61}.Debug|x86.Build.0 = Debug|Any CPU
		{3038FA54-85FE-4D6C-BEAA-8D3F932DCE61}.Release|Any CPU.ActiveCfg = Release|Any CPU
		{3038FA54-85FE-4D6C-BEAA-8D3F932DCE61}.Release|Any CPU.Build.0 = Release|Any CPU
		{3038FA54-85FE-4D6C-BEAA-8D3F932DCE61}.Release|x64.ActiveCfg = Release|Any CPU
		{3038FA54-85FE-4D6C-BEAA-8D3F932DCE61}.Release|x64.Build.0 = Release|Any CPU
		{3038FA54-85FE-4D6C-BEAA-8D3F932DCE61}.Release|x86.ActiveCfg = Release|Any CPU
		{3038FA54-85FE-4D6C-BEAA-8D3F932DCE61}.Release|x86.Build.0 = Release|Any CPU
		{66A8B2B7-B0ED-439C-A245-AF90884C5BF6}.Debug|Any CPU.ActiveCfg = Debug|Any CPU
		{66A8B2B7-B0ED-439C-A245-AF90884C5BF6}.Debug|Any CPU.Build.0 = Debug|Any CPU
		{66A8B2B7-B0ED-439C-A245-AF90884C5BF6}.Debug|x64.ActiveCfg = Debug|Any CPU
		{66A8B2B7-B0ED-439C-A245-AF90884C5BF6}.Debug|x64.Build.0 = Debug|Any CPU
		{66A8B2B7-B0ED-439C-A245-AF90884C5BF6}.Debug|x86.ActiveCfg = Debug|Any CPU
		{66A8B2B7-B0ED-439C-A245-AF90884C5BF6}.Debug|x86.Build.0 = Debug|Any CPU
		{66A8B2B7-B0ED-439C-A245-AF90884C5BF6}.Release|Any CPU.ActiveCfg = Release|Any CPU
		{66A8B2B7-B0ED-439C-A245-AF90884C5BF6}.Release|Any CPU.Build.0 = Release|Any CPU
		{66A8B2B7-B0ED-439C-A245-AF90884C5BF6}.Release|x64.ActiveCfg = Release|Any CPU
		{66A8B2B7-B0ED-439C-A245-AF90884C5BF6}.Release|x64.Build.0 = Release|Any CPU
		{66A8B2B7-B0ED-439C-A245-AF90884C5BF6}.Release|x86.ActiveCfg = Release|Any CPU
		{66A8B2B7-B0ED-439C-A245-AF90884C5BF6}.Release|x86.Build.0 = Release|Any CPU
	EndGlobalSection
	GlobalSection(SolutionProperties) = preSolution
		HideSolutionNode = FALSE
	EndGlobalSection
	GlobalSection(NestedProjects) = preSolution
		{6D6A4B0A-6706-4A79-A831-40F7737B8094} = {2146FB2B-BFEC-451D-BF9E-57718F89690B}
		{84D7EE7D-3FCF-4590-BA8D-2BEB1E4A28D3} = {69AF7898-5F6A-454C-80BC-866035AC7452}
		{640DC87C-71F7-4C72-BEB9-8477E9024EC1} = {69AF7898-5F6A-454C-80BC-866035AC7452}
		{1CE30920-34F3-40DA-A0A1-E51A34C9C2FD} = {B03FD493-3F09-4696-9966-EEC4420CA985}
		{31AE0256-EEAA-4296-9BDE-C3B854518AA5} = {2968922B-9F2E-46FF-93B2-FC6B55B54FA8}
		{0B2014B9-3841-4344-BC56-9ECE8D24DBDC} = {2968922B-9F2E-46FF-93B2-FC6B55B54FA8}
		{6F1AFF31-339C-4DA8-A12E-4EA1F5529D7B} = {1CE30920-34F3-40DA-A0A1-E51A34C9C2FD}
		{CF0433E9-3E10-435C-A6CC-EC26FC7CA25B} = {640DC87C-71F7-4C72-BEB9-8477E9024EC1}
		{2572AFD3-A420-4C8B-B9FA-01731BFD63D6} = {84D7EE7D-3FCF-4590-BA8D-2BEB1E4A28D3}
		{34149005-A6A1-4FA3-B6D5-2A4103E52BEE} = {ABC30087-B375-478C-AEAE-36BAD4D0B4C2}
		{1478494F-9B86-4814-AB9C-C1288247B633} = {ABC30087-B375-478C-AEAE-36BAD4D0B4C2}
		{349F7B6D-D758-4D3C-8183-09FB6731CDB5} = {ABC30087-B375-478C-AEAE-36BAD4D0B4C2}
		{EBBEA484-DB14-4B78-ADCE-0926BBF05EC1} = {ABC30087-B375-478C-AEAE-36BAD4D0B4C2}
		{49119DA6-C972-43DC-8164-D2DEC65A0826} = {ABC30087-B375-478C-AEAE-36BAD4D0B4C2}
		{37CCC59A-C566-4747-8C13-C9B3A5145D75} = {669E98E1-6C5D-4D7E-8145-F4014E665B25}
		{0BFF7753-C929-4171-8C26-69AD3263B9C9} = {6D6A4B0A-6706-4A79-A831-40F7737B8094}
		{FFF8C24F-8EE7-426B-ACB7-16F2C178DE1D} = {6D6A4B0A-6706-4A79-A831-40F7737B8094}
		{D064453F-6D5F-496A-B1C7-28EAC88EEC46} = {6D6A4B0A-6706-4A79-A831-40F7737B8094}
		{5910D5F2-F641-472C-B2F3-C6DF8D3EF973} = {E9BD2438-7C4F-4C5F-A34C-7401B0D7B8AA}
		{EEEAFBF1-D124-458A-BE8E-CB4219640C62} = {E9BD2438-7C4F-4C5F-A34C-7401B0D7B8AA}
		{A2366FB9-62FD-492D-B8B3-7B31F62DA245} = {2968922B-9F2E-46FF-93B2-FC6B55B54FA8}
		{F78EFDCA-E4AA-48BE-B304-6422161BC28F} = {2968922B-9F2E-46FF-93B2-FC6B55B54FA8}
		{344BE6DE-5EFE-4359-AA01-6B4572A6ED3F} = {2968922B-9F2E-46FF-93B2-FC6B55B54FA8}
		{AD18819F-93F9-4DDE-B96F-1CC8F2B91AB8} = {2968922B-9F2E-46FF-93B2-FC6B55B54FA8}
		{11748D1E-617C-40BA-BCE9-F2C7ADE86716} = {2968922B-9F2E-46FF-93B2-FC6B55B54FA8}
		{A2F97FA3-3D44-4BD8-A9DC-1A0754E46F86} = {2968922B-9F2E-46FF-93B2-FC6B55B54FA8}
		{C82E105A-4955-4CD9-ACCC-B5331B6378D0} = {2968922B-9F2E-46FF-93B2-FC6B55B54FA8}
		{E45B783C-B9F7-43BE-8307-7D4756F2CAD1} = {0B2014B9-3841-4344-BC56-9ECE8D24DBDC}
		{18AB61F8-FD4E-4C55-AD05-8AF66AF21224} = {31AE0256-EEAA-4296-9BDE-C3B854518AA5}
		{305EAEDD-1339-4188-BA1F-D66DC7425B54} = {31AE0256-EEAA-4296-9BDE-C3B854518AA5}
		{3E5ED2A1-A2EC-44D3-A13B-98A054DF740C} = {31AE0256-EEAA-4296-9BDE-C3B854518AA5}
		{3038FA54-85FE-4D6C-BEAA-8D3F932DCE61} = {31AE0256-EEAA-4296-9BDE-C3B854518AA5}
		{66A8B2B7-B0ED-439C-A245-AF90884C5BF6} = {31AE0256-EEAA-4296-9BDE-C3B854518AA5}
	EndGlobalSection
	GlobalSection(ExtensibilityGlobals) = postSolution
		SolutionGuid = {3092FF0C-FE8E-4CF5-B6B9-0E71D976CEF2}
	EndGlobalSection
EndGlobal
