
Microsoft Visual Studio Solution File, Format Version 12.00
# Visual Studio Version 16
VisualStudioVersion = 16.0.30330.147
MinimumVisualStudioVersion = 10.0.40219.1
Project("{9A19103F-16F7-4668-BE54-9A1E7A4F7556}") = "Menu Layout Builder", "Menu Layout Builder\Menu Layout Builder.csproj", "{B891F835-4315-469C-9C34-8D6687408E0B}"
EndProject
Global
	GlobalSection(SolutionConfigurationPlatforms) = preSolution
		Debug|Any CPU = Debug|Any CPU
		Release|Any CPU = Release|Any CPU
	EndGlobalSection
	GlobalSection(ProjectConfigurationPlatforms) = postSolution
		{B891F835-4315-469C-9C34-8D6687408E0B}.Debug|Any CPU.ActiveCfg = Debug|Any CPU
		{B891F835-4315-469C-9C34-8D6687408E0B}.Debug|Any CPU.Build.0 = Debug|Any CPU
		{B891F835-4315-469C-9C34-8D6687408E0B}.Release|Any CPU.ActiveCfg = Release|Any CPU
		{B891F835-4315-469C-9C34-8D6687408E0B}.Release|Any CPU.Build.0 = Release|Any CPU
	EndGlobalSection
	GlobalSection(SolutionProperties) = preSolution
		HideSolutionNode = FALSE
	EndGlobalSection
	GlobalSection(ExtensibilityGlobals) = postSolution
		SolutionGuid = {B174277C-5247-40CA-AE77-AC02E87675D3}
	EndGlobalSection
EndGlobal
