
Microsoft Visual Studio Solution File, Format Version 12.00
# Visual Studio Version 16
VisualStudioVersion = 16.0.30330.147
MinimumVisualStudioVersion = 10.0.40219.1
Project("{FAE04EC0-301F-11D3-BF4B-00C04F79EFBC}") = "Management Coding Tasks", "Management Coding Tasks\Management Coding Tasks.csproj", "{A2EFB040-21C7-41E1-BB59-B57075DB2DE2}"
EndProject
Global
	GlobalSection(SolutionConfigurationPlatforms) = preSolution
		Debug|Any CPU = Debug|Any CPU
		Release|Any CPU = Release|Any CPU
	EndGlobalSection
	GlobalSection(ProjectConfigurationPlatforms) = postSolution
		{A2EFB040-21C7-41E1-BB59-B57075DB2DE2}.Debug|Any CPU.ActiveCfg = Debug|Any CPU
		{A2EFB040-21C7-41E1-BB59-B57075DB2DE2}.Debug|Any CPU.Build.0 = Debug|Any CPU
		{A2EFB040-21C7-41E1-BB59-B57075DB2DE2}.Release|Any CPU.ActiveCfg = Release|Any CPU
		{A2EFB040-21C7-41E1-BB59-B57075DB2DE2}.Release|Any CPU.Build.0 = Release|Any CPU
	EndGlobalSection
	GlobalSection(SolutionProperties) = preSolution
		HideSolutionNode = FALSE
	EndGlobalSection
	GlobalSection(ExtensibilityGlobals) = postSolution
		SolutionGuid = {1528A6D7-2E3E-4E5C-9C83-5E21775D967C}
	EndGlobalSection
EndGlobal
