
Microsoft Visual Studio Solution File, Format Version 12.00
# Visual Studio Version 16
VisualStudioVersion = 16.0.30330.147
MinimumVisualStudioVersion = 10.0.40219.1
Project("{FAE04EC0-301F-11D3-BF4B-00C04F79EFBC}") = "Quote of The Day", "Quote of The Day\Quote of The Day.csproj", "{BB057B74-A8EC-4347-890F-DBE4CB21A517}"
EndProject
Global
	GlobalSection(SolutionConfigurationPlatforms) = preSolution
		Debug|Any CPU = Debug|Any CPU
		Release|Any CPU = Release|Any CPU
	EndGlobalSection
	GlobalSection(ProjectConfigurationPlatforms) = postSolution
		{BB057B74-A8EC-4347-890F-DBE4CB21A517}.Debug|Any CPU.ActiveCfg = Debug|Any CPU
		{BB057B74-A8EC-4347-890F-DBE4CB21A517}.Debug|Any CPU.Build.0 = Debug|Any CPU
		{BB057B74-A8EC-4347-890F-DBE4CB21A517}.Release|Any CPU.ActiveCfg = Release|Any CPU
		{BB057B74-A8EC-4347-890F-DBE4CB21A517}.Release|Any CPU.Build.0 = Release|Any CPU
	EndGlobalSection
	GlobalSection(SolutionProperties) = preSolution
		HideSolutionNode = FALSE
	EndGlobalSection
	GlobalSection(ExtensibilityGlobals) = postSolution
		SolutionGuid = {8A05BAAF-92DE-41FD-A887-054E39F875F1}
	EndGlobalSection
EndGlobal
