
Microsoft Visual Studio Solution File, Format Version 12.00
# Visual Studio Version 16
VisualStudioVersion = 16.0.30330.147
MinimumVisualStudioVersion = 10.0.40219.1
Project("{9A19103F-16F7-4668-BE54-9A1E7A4F7556}") = "Layout Lateral Settings", "Layout Lateral Settings\Layout Lateral Settings.csproj", "{1D1A5865-D6C4-402E-AE2F-AEF39AC3B0E3}"
EndProject
Global
	GlobalSection(SolutionConfigurationPlatforms) = preSolution
		Debug|Any CPU = Debug|Any CPU
		Release|Any CPU = Release|Any CPU
	EndGlobalSection
	GlobalSection(ProjectConfigurationPlatforms) = postSolution
		{1D1A5865-D6C4-402E-AE2F-AEF39AC3B0E3}.Debug|Any CPU.ActiveCfg = Debug|Any CPU
		{1D1A5865-D6C4-402E-AE2F-AEF39AC3B0E3}.Debug|Any CPU.Build.0 = Debug|Any CPU
		{1D1A5865-D6C4-402E-AE2F-AEF39AC3B0E3}.Release|Any CPU.ActiveCfg = Release|Any CPU
		{1D1A5865-D6C4-402E-AE2F-AEF39AC3B0E3}.Release|Any CPU.Build.0 = Release|Any CPU
	EndGlobalSection
	GlobalSection(SolutionProperties) = preSolution
		HideSolutionNode = FALSE
	EndGlobalSection
	GlobalSection(ExtensibilityGlobals) = postSolution
		SolutionGuid = {3D020929-A16D-4869-8D88-A8A20F4C86E7}
	EndGlobalSection
EndGlobal
