
Microsoft Visual Studio Solution File, Format Version 12.00
# Visual Studio Version 16
VisualStudioVersion = 16.0.30413.136
MinimumVisualStudioVersion = 10.0.40219.1
Project("{9A19103F-16F7-4668-BE54-9A1E7A4F7556}") = "EnvironmentLoading", "EnvironmentLoading.csproj", "{B8159AB3-C866-4E49-88DA-EB5C675CE758}"
EndProject
Global
	GlobalSection(SolutionConfigurationPlatforms) = preSolution
		Debug|Any CPU = Debug|Any CPU
		Release|Any CPU = Release|Any CPU
	EndGlobalSection
	GlobalSection(ProjectConfigurationPlatforms) = postSolution
		{B8159AB3-C866-4E49-88DA-EB5C675CE758}.Debug|Any CPU.ActiveCfg = Debug|Any CPU
		{B8159AB3-C866-4E49-88DA-EB5C675CE758}.Debug|Any CPU.Build.0 = Debug|Any CPU
		{B8159AB3-C866-4E49-88DA-EB5C675CE758}.Release|Any CPU.ActiveCfg = Release|Any CPU
		{B8159AB3-C866-4E49-88DA-EB5C675CE758}.Release|Any CPU.Build.0 = Release|Any CPU
	EndGlobalSection
	GlobalSection(SolutionProperties) = preSolution
		HideSolutionNode = FALSE
	EndGlobalSection
	GlobalSection(ExtensibilityGlobals) = postSolution
		SolutionGuid = {6664FE47-CA2B-4C32-B673-745F63C41A0F}
	EndGlobalSection
EndGlobal
